// !$*UTF8*$!
{
	archiveVersion = 1;
	classes = {
	};
	objectVersion = 46;
	objects = {

/* Begin PBXBuildFile section */
		84ED24DE56DF4E3C914A449A /* libPods-CaterpillarCount.a in Frameworks */ = {isa = PBXBuildFile; fileRef = 4205C588FBF14A44971BF8BB /* libPods-CaterpillarCount.a */; };
		D430875E19D996D5008D92F5 /* GCSignInViewController.m in Sources */ = {isa = PBXBuildFile; fileRef = D430875D19D996D5008D92F5 /* GCSignInViewController.m */; };
		D430876119D996FE008D92F5 /* GCRegisterViewController.m in Sources */ = {isa = PBXBuildFile; fileRef = D430876019D996FE008D92F5 /* GCRegisterViewController.m */; };
		D430876419D9971A008D92F5 /* GCSignInScrollView.m in Sources */ = {isa = PBXBuildFile; fileRef = D430876319D9971A008D92F5 /* GCSignInScrollView.m */; };
		D430876719D99736008D92F5 /* GCRegisterScrollView.m in Sources */ = {isa = PBXBuildFile; fileRef = D430876619D99736008D92F5 /* GCRegisterScrollView.m */; };
		D43A916319CF94D7009AA0C7 /* main.m in Sources */ = {isa = PBXBuildFile; fileRef = D43A916219CF94D7009AA0C7 /* main.m */; };
		D43A916B19CF94D7009AA0C7 /* LaunchScreen.xib in Resources */ = {isa = PBXBuildFile; fileRef = D43A916919CF94D7009AA0C7 /* LaunchScreen.xib */; };
		D43A917719CF94D7009AA0C7 /* CaterpillarCountTests.m in Sources */ = {isa = PBXBuildFile; fileRef = D43A917619CF94D7009AA0C7 /* CaterpillarCountTests.m */; };
		D43A918619CF964E009AA0C7 /* GCAppDelegate.m in Sources */ = {isa = PBXBuildFile; fileRef = D43A918519CF964E009AA0C7 /* GCAppDelegate.m */; };
		D43A919119CF993D009AA0C7 /* GCAppAPI.m in Sources */ = {isa = PBXBuildFile; fileRef = D43A919019CF993D009AA0C7 /* GCAppAPI.m */; };
		D43A919419CF997A009AA0C7 /* GCAppConfig.m in Sources */ = {isa = PBXBuildFile; fileRef = D43A919319CF997A009AA0C7 /* GCAppConfig.m */; };
		D43A919719CF9994009AA0C7 /* GCCustomLogFormatters.m in Sources */ = {isa = PBXBuildFile; fileRef = D43A919619CF9994009AA0C7 /* GCCustomLogFormatters.m */; };
		D43A919A19CF9CD2009AA0C7 /* GCConstant.m in Sources */ = {isa = PBXBuildFile; fileRef = D43A919919CF9CD2009AA0C7 /* GCConstant.m */; };
		D43A919D19CF9D49009AA0C7 /* GCCoverViewController.m in Sources */ = {isa = PBXBuildFile; fileRef = D43A919C19CF9D49009AA0C7 /* GCCoverViewController.m */; };
		D43A91A019CF9E1E009AA0C7 /* GCCoverView.m in Sources */ = {isa = PBXBuildFile; fileRef = D43A919F19CF9E1E009AA0C7 /* GCCoverView.m */; };
		D46E5F0919D2E4E9002FF1C1 /* GCSurveyScrollView.m in Sources */ = {isa = PBXBuildFile; fileRef = D46E5F0819D2E4E9002FF1C1 /* GCSurveyScrollView.m */; };
		D46E5F0C19D2E50C002FF1C1 /* GCSurveyViewController.m in Sources */ = {isa = PBXBuildFile; fileRef = D46E5F0B19D2E50C002FF1C1 /* GCSurveyViewController.m */; };
		D48FAA4019D83D900042DFC6 /* GCOrderTableViewCell.m in Sources */ = {isa = PBXBuildFile; fileRef = D48FAA3F19D83D900042DFC6 /* GCOrderTableViewCell.m */; };
		D48FAA4319D83DB00042DFC6 /* GCNewOrderViewController.m in Sources */ = {isa = PBXBuildFile; fileRef = D48FAA4219D83DB00042DFC6 /* GCNewOrderViewController.m */; };
		D48FAA4619D83DCE0042DFC6 /* GCNewOrderScrollView.m in Sources */ = {isa = PBXBuildFile; fileRef = D48FAA4519D83DCE0042DFC6 /* GCNewOrderScrollView.m */; };
		D4FE8E8519D702E000E50E9C /* Images.xcassets in Resources */ = {isa = PBXBuildFile; fileRef = D4FE8E8419D702E000E50E9C /* Images.xcassets */; };
/* End PBXBuildFile section */

/* Begin PBXContainerItemProxy section */
		D43A917119CF94D7009AA0C7 /* PBXContainerItemProxy */ = {
			isa = PBXContainerItemProxy;
			containerPortal = D43A915519CF94D7009AA0C7 /* Project object */;
			proxyType = 1;
			remoteGlobalIDString = D43A915C19CF94D7009AA0C7;
			remoteInfo = CaterpillarCount;
		};
/* End PBXContainerItemProxy section */

/* Begin PBXFileReference section */
		4205C588FBF14A44971BF8BB /* libPods-CaterpillarCount.a */ = {isa = PBXFileReference; explicitFileType = archive.ar; includeInIndex = 0; path = "libPods-CaterpillarCount.a"; sourceTree = BUILT_PRODUCTS_DIR; };
		C19FA1D45FD34550A668DF08 /* Pods-CaterpillarCount.xcconfig */ = {isa = PBXFileReference; includeInIndex = 1; lastKnownFileType = text.xcconfig; name = "Pods-CaterpillarCount.xcconfig"; path = "Pods/Pods-CaterpillarCount.xcconfig"; sourceTree = "<group>"; };
		D430875C19D996D5008D92F5 /* GCSignInViewController.h */ = {isa = PBXFileReference; fileEncoding = 4; lastKnownFileType = sourcecode.c.h; name = GCSignInViewController.h; path = View/GCSignInViewController.h; sourceTree = "<group>"; };
		D430875D19D996D5008D92F5 /* GCSignInViewController.m */ = {isa = PBXFileReference; fileEncoding = 4; lastKnownFileType = sourcecode.c.objc; name = GCSignInViewController.m; path = View/GCSignInViewController.m; sourceTree = "<group>"; };
		D430875F19D996FE008D92F5 /* GCRegisterViewController.h */ = {isa = PBXFileReference; fileEncoding = 4; lastKnownFileType = sourcecode.c.h; name = GCRegisterViewController.h; path = View/GCRegisterViewController.h; sourceTree = "<group>"; };
		D430876019D996FE008D92F5 /* GCRegisterViewController.m */ = {isa = PBXFileReference; fileEncoding = 4; lastKnownFileType = sourcecode.c.objc; name = GCRegisterViewController.m; path = View/GCRegisterViewController.m; sourceTree = "<group>"; };
		D430876219D9971A008D92F5 /* GCSignInScrollView.h */ = {isa = PBXFileReference; fileEncoding = 4; lastKnownFileType = sourcecode.c.h; name = GCSignInScrollView.h; path = View/GCSignInScrollView.h; sourceTree = "<group>"; };
		D430876319D9971A008D92F5 /* GCSignInScrollView.m */ = {isa = PBXFileReference; fileEncoding = 4; lastKnownFileType = sourcecode.c.objc; name = GCSignInScrollView.m; path = View/GCSignInScrollView.m; sourceTree = "<group>"; };
		D430876519D99736008D92F5 /* GCRegisterScrollView.h */ = {isa = PBXFileReference; fileEncoding = 4; lastKnownFileType = sourcecode.c.h; name = GCRegisterScrollView.h; path = View/GCRegisterScrollView.h; sourceTree = "<group>"; };
		D430876619D99736008D92F5 /* GCRegisterScrollView.m */ = {isa = PBXFileReference; fileEncoding = 4; lastKnownFileType = sourcecode.c.objc; name = GCRegisterScrollView.m; path = View/GCRegisterScrollView.m; sourceTree = "<group>"; };
		D43A915D19CF94D7009AA0C7 /* CaterpillarCount.app */ = {isa = PBXFileReference; explicitFileType = wrapper.application; includeInIndex = 0; path = CaterpillarCount.app; sourceTree = BUILT_PRODUCTS_DIR; };
		D43A916119CF94D7009AA0C7 /* Info.plist */ = {isa = PBXFileReference; lastKnownFileType = text.plist.xml; path = Info.plist; sourceTree = "<group>"; };
		D43A916219CF94D7009AA0C7 /* main.m */ = {isa = PBXFileReference; lastKnownFileType = sourcecode.c.objc; path = main.m; sourceTree = "<group>"; };
		D43A916A19CF94D7009AA0C7 /* Base */ = {isa = PBXFileReference; lastKnownFileType = file.xib; name = Base; path = Base.lproj/LaunchScreen.xib; sourceTree = "<group>"; };
		D43A917019CF94D7009AA0C7 /* CaterpillarCountTests.xctest */ = {isa = PBXFileReference; explicitFileType = wrapper.cfbundle; includeInIndex = 0; path = CaterpillarCountTests.xctest; sourceTree = BUILT_PRODUCTS_DIR; };
		D43A917519CF94D7009AA0C7 /* Info.plist */ = {isa = PBXFileReference; lastKnownFileType = text.plist.xml; path = Info.plist; sourceTree = "<group>"; };
		D43A917619CF94D7009AA0C7 /* CaterpillarCountTests.m */ = {isa = PBXFileReference; lastKnownFileType = sourcecode.c.objc; path = CaterpillarCountTests.m; sourceTree = "<group>"; };
		D43A918319CF9528009AA0C7 /* PrefixHeader.pch */ = {isa = PBXFileReference; fileEncoding = 4; lastKnownFileType = sourcecode.c.h; path = PrefixHeader.pch; sourceTree = "<group>"; };
		D43A918419CF964E009AA0C7 /* GCAppDelegate.h */ = {isa = PBXFileReference; fileEncoding = 4; lastKnownFileType = sourcecode.c.h; path = GCAppDelegate.h; sourceTree = "<group>"; };
		D43A918519CF964E009AA0C7 /* GCAppDelegate.m */ = {isa = PBXFileReference; fileEncoding = 4; lastKnownFileType = sourcecode.c.objc; path = GCAppDelegate.m; sourceTree = "<group>"; };
		D43A918F19CF993D009AA0C7 /* GCAppAPI.h */ = {isa = PBXFileReference; fileEncoding = 4; lastKnownFileType = sourcecode.c.h; name = GCAppAPI.h; path = AppAPI/GCAppAPI.h; sourceTree = "<group>"; };
		D43A919019CF993D009AA0C7 /* GCAppAPI.m */ = {isa = PBXFileReference; fileEncoding = 4; lastKnownFileType = sourcecode.c.objc; name = GCAppAPI.m; path = AppAPI/GCAppAPI.m; sourceTree = "<group>"; };
		D43A919219CF997A009AA0C7 /* GCAppConfig.h */ = {isa = PBXFileReference; fileEncoding = 4; lastKnownFileType = sourcecode.c.h; name = GCAppConfig.h; path = Store/GCAppConfig.h; sourceTree = "<group>"; };
		D43A919319CF997A009AA0C7 /* GCAppConfig.m */ = {isa = PBXFileReference; fileEncoding = 4; lastKnownFileType = sourcecode.c.objc; name = GCAppConfig.m; path = Store/GCAppConfig.m; sourceTree = "<group>"; };
		D43A919519CF9994009AA0C7 /* GCCustomLogFormatters.h */ = {isa = PBXFileReference; fileEncoding = 4; lastKnownFileType = sourcecode.c.h; name = GCCustomLogFormatters.h; path = Store/GCCustomLogFormatters.h; sourceTree = "<group>"; };
		D43A919619CF9994009AA0C7 /* GCCustomLogFormatters.m */ = {isa = PBXFileReference; fileEncoding = 4; lastKnownFileType = sourcecode.c.objc; name = GCCustomLogFormatters.m; path = Store/GCCustomLogFormatters.m; sourceTree = "<group>"; };
		D43A919819CF9CD2009AA0C7 /* GCConstant.h */ = {isa = PBXFileReference; fileEncoding = 4; lastKnownFileType = sourcecode.c.h; name = GCConstant.h; path = Store/GCConstant.h; sourceTree = "<group>"; };
		D43A919919CF9CD2009AA0C7 /* GCConstant.m */ = {isa = PBXFileReference; fileEncoding = 4; lastKnownFileType = sourcecode.c.objc; name = GCConstant.m; path = Store/GCConstant.m; sourceTree = "<group>"; };
		D43A919B19CF9D49009AA0C7 /* GCCoverViewController.h */ = {isa = PBXFileReference; fileEncoding = 4; lastKnownFileType = sourcecode.c.h; name = GCCoverViewController.h; path = View/GCCoverViewController.h; sourceTree = "<group>"; };
		D43A919C19CF9D49009AA0C7 /* GCCoverViewController.m */ = {isa = PBXFileReference; fileEncoding = 4; lastKnownFileType = sourcecode.c.objc; name = GCCoverViewController.m; path = View/GCCoverViewController.m; sourceTree = "<group>"; };
		D43A919E19CF9E1E009AA0C7 /* GCCoverView.h */ = {isa = PBXFileReference; fileEncoding = 4; lastKnownFileType = sourcecode.c.h; name = GCCoverView.h; path = View/GCCoverView.h; sourceTree = "<group>"; };
		D43A919F19CF9E1E009AA0C7 /* GCCoverView.m */ = {isa = PBXFileReference; fileEncoding = 4; lastKnownFileType = sourcecode.c.objc; name = GCCoverView.m; path = View/GCCoverView.m; sourceTree = "<group>"; };
		D46E5F0719D2E4E9002FF1C1 /* GCSurveyScrollView.h */ = {isa = PBXFileReference; fileEncoding = 4; lastKnownFileType = sourcecode.c.h; name = GCSurveyScrollView.h; path = View/GCSurveyScrollView.h; sourceTree = "<group>"; };
		D46E5F0819D2E4E9002FF1C1 /* GCSurveyScrollView.m */ = {isa = PBXFileReference; fileEncoding = 4; lastKnownFileType = sourcecode.c.objc; name = GCSurveyScrollView.m; path = View/GCSurveyScrollView.m; sourceTree = "<group>"; };
		D46E5F0A19D2E50C002FF1C1 /* GCSurveyViewController.h */ = {isa = PBXFileReference; fileEncoding = 4; lastKnownFileType = sourcecode.c.h; name = GCSurveyViewController.h; path = View/GCSurveyViewController.h; sourceTree = "<group>"; };
		D46E5F0B19D2E50C002FF1C1 /* GCSurveyViewController.m */ = {isa = PBXFileReference; fileEncoding = 4; lastKnownFileType = sourcecode.c.objc; name = GCSurveyViewController.m; path = View/GCSurveyViewController.m; sourceTree = "<group>"; };
		D48FAA3E19D83D900042DFC6 /* GCOrderTableViewCell.h */ = {isa = PBXFileReference; fileEncoding = 4; lastKnownFileType = sourcecode.c.h; name = GCOrderTableViewCell.h; path = View/GCOrderTableViewCell.h; sourceTree = "<group>"; };
		D48FAA3F19D83D900042DFC6 /* GCOrderTableViewCell.m */ = {isa = PBXFileReference; fileEncoding = 4; lastKnownFileType = sourcecode.c.objc; name = GCOrderTableViewCell.m; path = View/GCOrderTableViewCell.m; sourceTree = "<group>"; };
		D48FAA4119D83DB00042DFC6 /* GCNewOrderViewController.h */ = {isa = PBXFileReference; fileEncoding = 4; lastKnownFileType = sourcecode.c.h; name = GCNewOrderViewController.h; path = View/GCNewOrderViewController.h; sourceTree = "<group>"; };
		D48FAA4219D83DB00042DFC6 /* GCNewOrderViewController.m */ = {isa = PBXFileReference; fileEncoding = 4; lastKnownFileType = sourcecode.c.objc; name = GCNewOrderViewController.m; path = View/GCNewOrderViewController.m; sourceTree = "<group>"; };
		D48FAA4419D83DCE0042DFC6 /* GCNewOrderScrollView.h */ = {isa = PBXFileReference; fileEncoding = 4; lastKnownFileType = sourcecode.c.h; name = GCNewOrderScrollView.h; path = View/GCNewOrderScrollView.h; sourceTree = "<group>"; };
		D48FAA4519D83DCE0042DFC6 /* GCNewOrderScrollView.m */ = {isa = PBXFileReference; fileEncoding = 4; lastKnownFileType = sourcecode.c.objc; name = GCNewOrderScrollView.m; path = View/GCNewOrderScrollView.m; sourceTree = "<group>"; };
		D4FE8E8419D702E000E50E9C /* Images.xcassets */ = {isa = PBXFileReference; lastKnownFileType = folder.assetcatalog; path = Images.xcassets; sourceTree = "<group>"; };
/* End PBXFileReference section */

/* Begin PBXFrameworksBuildPhase section */
		D43A915A19CF94D7009AA0C7 /* Frameworks */ = {
			isa = PBXFrameworksBuildPhase;
			buildActionMask = 2147483647;
			files = (
				84ED24DE56DF4E3C914A449A /* libPods-CaterpillarCount.a in Frameworks */,
			);
			runOnlyForDeploymentPostprocessing = 0;
		};
		D43A916D19CF94D7009AA0C7 /* Frameworks */ = {
			isa = PBXFrameworksBuildPhase;
			buildActionMask = 2147483647;
			files = (
			);
			runOnlyForDeploymentPostprocessing = 0;
		};
/* End PBXFrameworksBuildPhase section */

/* Begin PBXGroup section */
		2AFAC1C1C6E54ACC81B42AB3 /* Frameworks */ = {
			isa = PBXGroup;
			children = (
				4205C588FBF14A44971BF8BB /* libPods-CaterpillarCount.a */,
			);
			name = Frameworks;
			sourceTree = "<group>";
		};
		D430876819D99747008D92F5 /* Start_up */ = {
			isa = PBXGroup;
			children = (
				D43A919B19CF9D49009AA0C7 /* GCCoverViewController.h */,
				D43A919C19CF9D49009AA0C7 /* GCCoverViewController.m */,
				D43A919E19CF9E1E009AA0C7 /* GCCoverView.h */,
				D43A919F19CF9E1E009AA0C7 /* GCCoverView.m */,
				D430875C19D996D5008D92F5 /* GCSignInViewController.h */,
				D430875D19D996D5008D92F5 /* GCSignInViewController.m */,
				D430876219D9971A008D92F5 /* GCSignInScrollView.h */,
				D430876319D9971A008D92F5 /* GCSignInScrollView.m */,
				D430875F19D996FE008D92F5 /* GCRegisterViewController.h */,
				D430876019D996FE008D92F5 /* GCRegisterViewController.m */,
				D430876519D99736008D92F5 /* GCRegisterScrollView.h */,
				D430876619D99736008D92F5 /* GCRegisterScrollView.m */,
			);
			name = Start_up;
			sourceTree = "<group>";
		};
		D430876919D99757008D92F5 /* Main_Views */ = {
			isa = PBXGroup;
			children = (
				D46E5F0A19D2E50C002FF1C1 /* GCSurveyViewController.h */,
				D46E5F0B19D2E50C002FF1C1 /* GCSurveyViewController.m */,
				D46E5F0719D2E4E9002FF1C1 /* GCSurveyScrollView.h */,
				D46E5F0819D2E4E9002FF1C1 /* GCSurveyScrollView.m */,
				D48FAA3E19D83D900042DFC6 /* GCOrderTableViewCell.h */,
				D48FAA3F19D83D900042DFC6 /* GCOrderTableViewCell.m */,
				D48FAA4119D83DB00042DFC6 /* GCNewOrderViewController.h */,
				D48FAA4219D83DB00042DFC6 /* GCNewOrderViewController.m */,
				D48FAA4419D83DCE0042DFC6 /* GCNewOrderScrollView.h */,
				D48FAA4519D83DCE0042DFC6 /* GCNewOrderScrollView.m */,
			);
			name = Main_Views;
			sourceTree = "<group>";
		};
		D43A915419CF94D7009AA0C7 = {
			isa = PBXGroup;
			children = (
				D43A915F19CF94D7009AA0C7 /* CaterpillarCount */,
				D43A917319CF94D7009AA0C7 /* CaterpillarCountTests */,
				D43A915E19CF94D7009AA0C7 /* Products */,
				C19FA1D45FD34550A668DF08 /* Pods-CaterpillarCount.xcconfig */,
				2AFAC1C1C6E54ACC81B42AB3 /* Frameworks */,
			);
			sourceTree = "<group>";
		};
		D43A915E19CF94D7009AA0C7 /* Products */ = {
			isa = PBXGroup;
			children = (
				D43A915D19CF94D7009AA0C7 /* CaterpillarCount.app */,
				D43A917019CF94D7009AA0C7 /* CaterpillarCountTests.xctest */,
			);
			name = Products;
			sourceTree = "<group>";
		};
		D43A915F19CF94D7009AA0C7 /* CaterpillarCount */ = {
			isa = PBXGroup;
			children = (
				D43A918419CF964E009AA0C7 /* GCAppDelegate.h */,
				D43A918519CF964E009AA0C7 /* GCAppDelegate.m */,
				D43A918A19CF979D009AA0C7 /* View */,
				D43A918B19CF97BA009AA0C7 /* ViewModel */,
				D43A918C19CF97C5009AA0C7 /* Model */,
				D43A918D19CF97CC009AA0C7 /* AppAPI */,
				D43A918E19CF97D3009AA0C7 /* Store */,
				D4FE8E8419D702E000E50E9C /* Images.xcassets */,
				D43A916919CF94D7009AA0C7 /* LaunchScreen.xib */,
				D43A916019CF94D7009AA0C7 /* Supporting Files */,
			);
			path = CaterpillarCount;
			sourceTree = "<group>";
		};
		D43A916019CF94D7009AA0C7 /* Supporting Files */ = {
			isa = PBXGroup;
			children = (
				D43A916119CF94D7009AA0C7 /* Info.plist */,
				D43A916219CF94D7009AA0C7 /* main.m */,
				D43A918319CF9528009AA0C7 /* PrefixHeader.pch */,
			);
			name = "Supporting Files";
			sourceTree = "<group>";
		};
		D43A917319CF94D7009AA0C7 /* CaterpillarCountTests */ = {
			isa = PBXGroup;
			children = (
				D43A917619CF94D7009AA0C7 /* CaterpillarCountTests.m */,
				D43A917419CF94D7009AA0C7 /* Supporting Files */,
			);
			path = CaterpillarCountTests;
			sourceTree = "<group>";
		};
		D43A917419CF94D7009AA0C7 /* Supporting Files */ = {
			isa = PBXGroup;
			children = (
				D43A917519CF94D7009AA0C7 /* Info.plist */,
			);
			name = "Supporting Files";
			sourceTree = "<group>";
		};
		D43A918A19CF979D009AA0C7 /* View */ = {
			isa = PBXGroup;
			children = (
				D430876819D99747008D92F5 /* Start_up */,
				D430876919D99757008D92F5 /* Main_Views */,
			);
			name = View;
			sourceTree = "<group>";
		};
		D43A918B19CF97BA009AA0C7 /* ViewModel */ = {
			isa = PBXGroup;
			children = (
			);
			name = ViewModel;
			sourceTree = "<group>";
		};
		D43A918C19CF97C5009AA0C7 /* Model */ = {
			isa = PBXGroup;
			children = (
			);
			name = Model;
			sourceTree = "<group>";
		};
		D43A918D19CF97CC009AA0C7 /* AppAPI */ = {
			isa = PBXGroup;
			children = (
				D43A918F19CF993D009AA0C7 /* GCAppAPI.h */,
				D43A919019CF993D009AA0C7 /* GCAppAPI.m */,
			);
			name = AppAPI;
			sourceTree = "<group>";
		};
		D43A918E19CF97D3009AA0C7 /* Store */ = {
			isa = PBXGroup;
			children = (
				D43A919219CF997A009AA0C7 /* GCAppConfig.h */,
				D43A919319CF997A009AA0C7 /* GCAppConfig.m */,
				D43A919819CF9CD2009AA0C7 /* GCConstant.h */,
				D43A919919CF9CD2009AA0C7 /* GCConstant.m */,
				D43A919519CF9994009AA0C7 /* GCCustomLogFormatters.h */,
				D43A919619CF9994009AA0C7 /* GCCustomLogFormatters.m */,
			);
			name = Store;
			sourceTree = "<group>";
		};
/* End PBXGroup section */

/* Begin PBXNativeTarget section */
		D43A915C19CF94D7009AA0C7 /* CaterpillarCount */ = {
			isa = PBXNativeTarget;
			buildConfigurationList = D43A917A19CF94D7009AA0C7 /* Build configuration list for PBXNativeTarget "CaterpillarCount" */;
			buildPhases = (
				25A2089CEB9B44CC8D180443 /* Check Pods Manifest.lock */,
				D43A915919CF94D7009AA0C7 /* Sources */,
				D43A915A19CF94D7009AA0C7 /* Frameworks */,
				D43A915B19CF94D7009AA0C7 /* Resources */,
				DCFD80AAB86A430895E769BD /* Copy Pods Resources */,
			);
			buildRules = (
			);
			dependencies = (
			);
			name = CaterpillarCount;
			productName = CaterpillarCount;
			productReference = D43A915D19CF94D7009AA0C7 /* CaterpillarCount.app */;
			productType = "com.apple.product-type.application";
		};
		D43A916F19CF94D7009AA0C7 /* CaterpillarCountTests */ = {
			isa = PBXNativeTarget;
			buildConfigurationList = D43A917D19CF94D7009AA0C7 /* Build configuration list for PBXNativeTarget "CaterpillarCountTests" */;
			buildPhases = (
				D43A916C19CF94D7009AA0C7 /* Sources */,
				D43A916D19CF94D7009AA0C7 /* Frameworks */,
				D43A916E19CF94D7009AA0C7 /* Resources */,
			);
			buildRules = (
			);
			dependencies = (
				D43A917219CF94D7009AA0C7 /* PBXTargetDependency */,
			);
			name = CaterpillarCountTests;
			productName = CaterpillarCountTests;
			productReference = D43A917019CF94D7009AA0C7 /* CaterpillarCountTests.xctest */;
			productType = "com.apple.product-type.bundle.unit-test";
		};
/* End PBXNativeTarget section */

/* Begin PBXProject section */
		D43A915519CF94D7009AA0C7 /* Project object */ = {
			isa = PBXProject;
			attributes = {
				LastUpgradeCheck = 0600;
				ORGANIZATIONNAME = "Golden Compass";
				TargetAttributes = {
					D43A915C19CF94D7009AA0C7 = {
						CreatedOnToolsVersion = 6.0.1;
					};
					D43A916F19CF94D7009AA0C7 = {
						CreatedOnToolsVersion = 6.0.1;
						TestTargetID = D43A915C19CF94D7009AA0C7;
					};
				};
			};
			buildConfigurationList = D43A915819CF94D7009AA0C7 /* Build configuration list for PBXProject "CaterpillarCount" */;
			compatibilityVersion = "Xcode 3.2";
			developmentRegion = English;
			hasScannedForEncodings = 0;
			knownRegions = (
				en,
				Base,
			);
			mainGroup = D43A915419CF94D7009AA0C7;
			productRefGroup = D43A915E19CF94D7009AA0C7 /* Products */;
			projectDirPath = "";
			projectRoot = "";
			targets = (
				D43A915C19CF94D7009AA0C7 /* CaterpillarCount */,
				D43A916F19CF94D7009AA0C7 /* CaterpillarCountTests */,
			);
		};
/* End PBXProject section */

/* Begin PBXResourcesBuildPhase section */
		D43A915B19CF94D7009AA0C7 /* Resources */ = {
			isa = PBXResourcesBuildPhase;
			buildActionMask = 2147483647;
			files = (
				D4FE8E8519D702E000E50E9C /* Images.xcassets in Resources */,
				D43A916B19CF94D7009AA0C7 /* LaunchScreen.xib in Resources */,
			);
			runOnlyForDeploymentPostprocessing = 0;
		};
		D43A916E19CF94D7009AA0C7 /* Resources */ = {
			isa = PBXResourcesBuildPhase;
			buildActionMask = 2147483647;
			files = (
			);
			runOnlyForDeploymentPostprocessing = 0;
		};
/* End PBXResourcesBuildPhase section */

/* Begin PBXShellScriptBuildPhase section */
		25A2089CEB9B44CC8D180443 /* Check Pods Manifest.lock */ = {
			isa = PBXShellScriptBuildPhase;
			buildActionMask = 2147483647;
			files = (
			);
			inputPaths = (
			);
			name = "Check Pods Manifest.lock";
			outputPaths = (
			);
			runOnlyForDeploymentPostprocessing = 0;
			shellPath = /bin/sh;
			shellScript = "diff \"${PODS_ROOT}/../Podfile.lock\" \"${PODS_ROOT}/Manifest.lock\" > /dev/null\nif [[ $? != 0 ]] ; then\n    cat << EOM\nerror: The sandbox is not in sync with the Podfile.lock. Run 'pod install' or update your CocoaPods installation.\nEOM\n    exit 1\nfi\n";
			showEnvVarsInLog = 0;
		};
		DCFD80AAB86A430895E769BD /* Copy Pods Resources */ = {
			isa = PBXShellScriptBuildPhase;
			buildActionMask = 2147483647;
			files = (
			);
			inputPaths = (
			);
			name = "Copy Pods Resources";
			outputPaths = (
			);
			runOnlyForDeploymentPostprocessing = 0;
			shellPath = /bin/sh;
			shellScript = "\"${SRCROOT}/Pods/Pods-CaterpillarCount-resources.sh\"\n";
			showEnvVarsInLog = 0;
		};
/* End PBXShellScriptBuildPhase section */

/* Begin PBXSourcesBuildPhase section */
		D43A915919CF94D7009AA0C7 /* Sources */ = {
			isa = PBXSourcesBuildPhase;
			buildActionMask = 2147483647;
			files = (
				D43A919A19CF9CD2009AA0C7 /* GCConstant.m in Sources */,
				D48FAA4619D83DCE0042DFC6 /* GCNewOrderScrollView.m in Sources */,
				D430876719D99736008D92F5 /* GCRegisterScrollView.m in Sources */,
				D43A919719CF9994009AA0C7 /* GCCustomLogFormatters.m in Sources */,
				D43A919D19CF9D49009AA0C7 /* GCCoverViewController.m in Sources */,
				D43A918619CF964E009AA0C7 /* GCAppDelegate.m in Sources */,
				D430876119D996FE008D92F5 /* GCRegisterViewController.m in Sources */,
				D48FAA4319D83DB00042DFC6 /* GCNewOrderViewController.m in Sources */,
				D46E5F0C19D2E50C002FF1C1 /* GCSurveyViewController.m in Sources */,
				D43A91A019CF9E1E009AA0C7 /* GCCoverView.m in Sources */,
				D430875E19D996D5008D92F5 /* GCSignInViewController.m in Sources */,
				D43A919419CF997A009AA0C7 /* GCAppConfig.m in Sources */,
				D430876419D9971A008D92F5 /* GCSignInScrollView.m in Sources */,
				D48FAA4019D83D900042DFC6 /* GCOrderTableViewCell.m in Sources */,
				D46E5F0919D2E4E9002FF1C1 /* GCSurveyScrollView.m in Sources */,
				D43A919119CF993D009AA0C7 /* GCAppAPI.m in Sources */,
				D43A916319CF94D7009AA0C7 /* main.m in Sources */,
			);
			runOnlyForDeploymentPostprocessing = 0;
		};
		D43A916C19CF94D7009AA0C7 /* Sources */ = {
			isa = PBXSourcesBuildPhase;
			buildActionMask = 2147483647;
			files = (
				D43A917719CF94D7009AA0C7 /* CaterpillarCountTests.m in Sources */,
			);
			runOnlyForDeploymentPostprocessing = 0;
		};
/* End PBXSourcesBuildPhase section */

/* Begin PBXTargetDependency section */
		D43A917219CF94D7009AA0C7 /* PBXTargetDependency */ = {
			isa = PBXTargetDependency;
			target = D43A915C19CF94D7009AA0C7 /* CaterpillarCount */;
			targetProxy = D43A917119CF94D7009AA0C7 /* PBXContainerItemProxy */;
		};
/* End PBXTargetDependency section */

/* Begin PBXVariantGroup section */
		D43A916919CF94D7009AA0C7 /* LaunchScreen.xib */ = {
			isa = PBXVariantGroup;
			children = (
				D43A916A19CF94D7009AA0C7 /* Base */,
			);
			name = LaunchScreen.xib;
			sourceTree = "<group>";
		};
/* End PBXVariantGroup section */

/* Begin XCBuildConfiguration section */
		D43A917819CF94D7009AA0C7 /* Debug */ = {
			isa = XCBuildConfiguration;
			buildSettings = {
				ALWAYS_SEARCH_USER_PATHS = NO;
				CLANG_CXX_LANGUAGE_STANDARD = "gnu++0x";
				CLANG_CXX_LIBRARY = "libc++";
				CLANG_ENABLE_MODULES = YES;
				CLANG_ENABLE_OBJC_ARC = YES;
				CLANG_WARN_BOOL_CONVERSION = YES;
				CLANG_WARN_CONSTANT_CONVERSION = YES;
				CLANG_WARN_DIRECT_OBJC_ISA_USAGE = YES_ERROR;
				CLANG_WARN_EMPTY_BODY = YES;
				CLANG_WARN_ENUM_CONVERSION = YES;
				CLANG_WARN_INT_CONVERSION = YES;
				CLANG_WARN_OBJC_ROOT_CLASS = YES_ERROR;
				CLANG_WARN_UNREACHABLE_CODE = YES;
				CLANG_WARN__DUPLICATE_METHOD_MATCH = YES;
				"CODE_SIGN_IDENTITY[sdk=iphoneos*]" = "iPhone Developer";
				COPY_PHASE_STRIP = NO;
				ENABLE_STRICT_OBJC_MSGSEND = YES;
				GCC_C_LANGUAGE_STANDARD = gnu99;
				GCC_DYNAMIC_NO_PIC = NO;
				GCC_OPTIMIZATION_LEVEL = 0;
				GCC_PREPROCESSOR_DEFINITIONS = (
					"DEBUG=1",
					"$(inherited)",
				);
				GCC_SYMBOLS_PRIVATE_EXTERN = NO;
				GCC_WARN_64_TO_32_BIT_CONVERSION = YES;
				GCC_WARN_ABOUT_RETURN_TYPE = YES_ERROR;
				GCC_WARN_UNDECLARED_SELECTOR = YES;
				GCC_WARN_UNINITIALIZED_AUTOS = YES_AGGRESSIVE;
				GCC_WARN_UNUSED_FUNCTION = YES;
				GCC_WARN_UNUSED_VARIABLE = YES;
				IPHONEOS_DEPLOYMENT_TARGET = 8.0;
				MTL_ENABLE_DEBUG_INFO = YES;
				ONLY_ACTIVE_ARCH = YES;
				SDKROOT = iphoneos;
			};
			name = Debug;
		};
		D43A917919CF94D7009AA0C7 /* Release */ = {
			isa = XCBuildConfiguration;
			buildSettings = {
				ALWAYS_SEARCH_USER_PATHS = NO;
				CLANG_CXX_LANGUAGE_STANDARD = "gnu++0x";
				CLANG_CXX_LIBRARY = "libc++";
				CLANG_ENABLE_MODULES = YES;
				CLANG_ENABLE_OBJC_ARC = YES;
				CLANG_WARN_BOOL_CONVERSION = YES;
				CLANG_WARN_CONSTANT_CONVERSION = YES;
				CLANG_WARN_DIRECT_OBJC_ISA_USAGE = YES_ERROR;
				CLANG_WARN_EMPTY_BODY = YES;
				CLANG_WARN_ENUM_CONVERSION = YES;
				CLANG_WARN_INT_CONVERSION = YES;
				CLANG_WARN_OBJC_ROOT_CLASS = YES_ERROR;
				CLANG_WARN_UNREACHABLE_CODE = YES;
				CLANG_WARN__DUPLICATE_METHOD_MATCH = YES;
				"CODE_SIGN_IDENTITY[sdk=iphoneos*]" = "iPhone Developer";
				COPY_PHASE_STRIP = YES;
				ENABLE_NS_ASSERTIONS = NO;
				ENABLE_STRICT_OBJC_MSGSEND = YES;
				GCC_C_LANGUAGE_STANDARD = gnu99;
				GCC_WARN_64_TO_32_BIT_CONVERSION = YES;
				GCC_WARN_ABOUT_RETURN_TYPE = YES_ERROR;
				GCC_WARN_UNDECLARED_SELECTOR = YES;
				GCC_WARN_UNINITIALIZED_AUTOS = YES_AGGRESSIVE;
				GCC_WARN_UNUSED_FUNCTION = YES;
				GCC_WARN_UNUSED_VARIABLE = YES;
				IPHONEOS_DEPLOYMENT_TARGET = 8.0;
				MTL_ENABLE_DEBUG_INFO = NO;
				SDKROOT = iphoneos;
				VALIDATE_PRODUCT = YES;
			};
			name = Release;
		};
		D43A917B19CF94D7009AA0C7 /* Debug */ = {
			isa = XCBuildConfiguration;
			baseConfigurationReference = C19FA1D45FD34550A668DF08 /* Pods-CaterpillarCount.xcconfig */;
			buildSettings = {
				ASSETCATALOG_COMPILER_APPICON_NAME = AppIcon;
				ASSETCATALOG_COMPILER_LAUNCHIMAGE_NAME = LaunchImage;
				GCC_PREFIX_HEADER = CaterpillarCount/PrefixHeader.pch;
				INFOPLIST_FILE = CaterpillarCount/Info.plist;
				IPHONEOS_DEPLOYMENT_TARGET = 7.0;
				LD_RUNPATH_SEARCH_PATHS = "$(inherited) @executable_path/Frameworks";
				PRODUCT_NAME = "$(TARGET_NAME)";
				TARGETED_DEVICE_FAMILY = "1,2";
			};
			name = Debug;
		};
		D43A917C19CF94D7009AA0C7 /* Release */ = {
			isa = XCBuildConfiguration;
			baseConfigurationReference = C19FA1D45FD34550A668DF08 /* Pods-CaterpillarCount.xcconfig */;
			buildSettings = {
				ASSETCATALOG_COMPILER_APPICON_NAME = AppIcon;
				ASSETCATALOG_COMPILER_LAUNCHIMAGE_NAME = LaunchImage;
				GCC_PREFIX_HEADER = CaterpillarCount/PrefixHeader.pch;
				INFOPLIST_FILE = CaterpillarCount/Info.plist;
				IPHONEOS_DEPLOYMENT_TARGET = 7.0;
				LD_RUNPATH_SEARCH_PATHS = "$(inherited) @executable_path/Frameworks";
				PRODUCT_NAME = "$(TARGET_NAME)";
				TARGETED_DEVICE_FAMILY = "1,2";
			};
			name = Release;
		};
		D43A917E19CF94D7009AA0C7 /* Debug */ = {
			isa = XCBuildConfiguration;
			buildSettings = {
				BUNDLE_LOADER = "$(TEST_HOST)";
				FRAMEWORK_SEARCH_PATHS = (
					"$(SDKROOT)/Developer/Library/Frameworks",
					"$(inherited)",
				);
				GCC_PREPROCESSOR_DEFINITIONS = (
					"DEBUG=1",
					"$(inherited)",
				);
				INFOPLIST_FILE = CaterpillarCountTests/Info.plist;
				LD_RUNPATH_SEARCH_PATHS = "$(inherited) @executable_path/Frameworks @loader_path/Frameworks";
				PRODUCT_NAME = "$(TARGET_NAME)";
				TEST_HOST = "$(BUILT_PRODUCTS_DIR)/CaterpillarCount.app/CaterpillarCount";
			};
			name = Debug;
		};
		D43A917F19CF94D7009AA0C7 /* Release */ = {
			isa = XCBuildConfiguration;
			buildSettings = {
				BUNDLE_LOADER = "$(TEST_HOST)";
				FRAMEWORK_SEARCH_PATHS = (
					"$(SDKROOT)/Developer/Library/Frameworks",
					"$(inherited)",
				);
				INFOPLIST_FILE = CaterpillarCountTests/Info.plist;
				LD_RUNPATH_SEARCH_PATHS = "$(inherited) @executable_path/Frameworks @loader_path/Frameworks";
				PRODUCT_NAME = "$(TARGET_NAME)";
				TEST_HOST = "$(BUILT_PRODUCTS_DIR)/CaterpillarCount.app/CaterpillarCount";
			};
			name = Release;
		};
/* End XCBuildConfiguration section */

/* Begin XCConfigurationList section */
		D43A915819CF94D7009AA0C7 /* Build configuration list for PBXProject "CaterpillarCount" */ = {
			isa = XCConfigurationList;
			buildConfigurations = (
				D43A917819CF94D7009AA0C7 /* Debug */,
				D43A917919CF94D7009AA0C7 /* Release */,
			);
			defaultConfigurationIsVisible = 0;
			defaultConfigurationName = Release;
		};
		D43A917A19CF94D7009AA0C7 /* Build configuration list for PBXNativeTarget "CaterpillarCount" */ = {
			isa = XCConfigurationList;
			buildConfigurations = (
				D43A917B19CF94D7009AA0C7 /* Debug */,
				D43A917C19CF94D7009AA0C7 /* Release */,
			);
			defaultConfigurationIsVisible = 0;
			defaultConfigurationName = Release;
		};
		D43A917D19CF94D7009AA0C7 /* Build configuration list for PBXNativeTarget "CaterpillarCountTests" */ = {
			isa = XCConfigurationList;
			buildConfigurations = (
				D43A917E19CF94D7009AA0C7 /* Debug */,
				D43A917F19CF94D7009AA0C7 /* Release */,
			);
			defaultConfigurationIsVisible = 0;
			defaultConfigurationName = Release;
		};
/* End XCConfigurationList section */
	};
	rootObject = D43A915519CF94D7009AA0C7 /* Project object */;
}
