// !$*UTF8*$!
{
	archiveVersion = 1;
	classes = {
	};
	objectVersion = 46;
	objects = {

/* Begin PBXBuildFile section */
		D43A916319CF94D7009AA0C7 /* main.m in Sources */ = {isa = PBXBuildFile; fileRef = D43A916219CF94D7009AA0C7 /* main.m */; };
		D43A916619CF94D7009AA0C7 /* AppDelegate.m in Sources */ = {isa = PBXBuildFile; fileRef = D43A916519CF94D7009AA0C7 /* AppDelegate.m */; };
		D43A916819CF94D7009AA0C7 /* Images.xcassets in Resources */ = {isa = PBXBuildFile; fileRef = D43A916719CF94D7009AA0C7 /* Images.xcassets */; };
		D43A916B19CF94D7009AA0C7 /* LaunchScreen.xib in Resources */ = {isa = PBXBuildFile; fileRef = D43A916919CF94D7009AA0C7 /* LaunchScreen.xib */; };
		D43A917719CF94D7009AA0C7 /* CaterpillarCountTests.m in Sources */ = {isa = PBXBuildFile; fileRef = D43A917619CF94D7009AA0C7 /* CaterpillarCountTests.m */; };
/* End PBXBuildFile section */

/* Begin PBXContainerItemProxy section */
		D43A917119CF94D7009AA0C7 /* PBXContainerItemProxy */ = {
			isa = PBXContainerItemProxy;
			containerPortal = D43A915519CF94D7009AA0C7 /* Project object */;
			proxyType = 1;
			remoteGlobalIDString = D43A915C19CF94D7009AA0C7;
			remoteInfo = CaterpillarCount;
		};
/* End PBXContainerItemProxy section */

/* Begin PBXFileReference section */
		D43A915D19CF94D7009AA0C7 /* CaterpillarCount.app */ = {isa = PBXFileReference; explicitFileType = wrapper.application; includeInIndex = 0; path = CaterpillarCount.app; sourceTree = BUILT_PRODUCTS_DIR; };
		D43A916119CF94D7009AA0C7 /* Info.plist */ = {isa = PBXFileReference; lastKnownFileType = text.plist.xml; path = Info.plist; sourceTree = "<group>"; };
		D43A916219CF94D7009AA0C7 /* main.m */ = {isa = PBXFileReference; lastKnownFileType = sourcecode.c.objc; path = main.m; sourceTree = "<group>"; };
		D43A916419CF94D7009AA0C7 /* AppDelegate.h */ = {isa = PBXFileReference; lastKnownFileType = sourcecode.c.h; path = AppDelegate.h; sourceTree = "<group>"; };
		D43A916519CF94D7009AA0C7 /* AppDelegate.m */ = {isa = PBXFileReference; lastKnownFileType = sourcecode.c.objc; path = AppDelegate.m; sourceTree = "<group>"; };
		D43A916719CF94D7009AA0C7 /* Images.xcassets */ = {isa = PBXFileReference; lastKnownFileType = folder.assetcatalog; path = Images.xcassets; sourceTree = "<group>"; };
		D43A916A19CF94D7009AA0C7 /* Base */ = {isa = PBXFileReference; lastKnownFileType = file.xib; name = Base; path = Base.lproj/LaunchScreen.xib; sourceTree = "<group>"; };
		D43A917019CF94D7009AA0C7 /* CaterpillarCountTests.xctest */ = {isa = PBXFileReference; explicitFileType = wrapper.cfbundle; includeInIndex = 0; path = CaterpillarCountTests.xctest; sourceTree = BUILT_PRODUCTS_DIR; };
		D43A917519CF94D7009AA0C7 /* Info.plist */ = {isa = PBXFileReference; lastKnownFileType = text.plist.xml; path = Info.plist; sourceTree = "<group>"; };
		D43A917619CF94D7009AA0C7 /* CaterpillarCountTests.m */ = {isa = PBXFileReference; lastKnownFileType = sourcecode.c.objc; path = CaterpillarCountTests.m; sourceTree = "<group>"; };
/* End PBXFileReference section */

/* Begin PBXFrameworksBuildPhase section */
		D43A915A19CF94D7009AA0C7 /* Frameworks */ = {
			isa = PBXFrameworksBuildPhase;
			buildActionMask = 2147483647;
			files = (
			);
			runOnlyForDeploymentPostprocessing = 0;
		};
		D43A916D19CF94D7009AA0C7 /* Frameworks */ = {
			isa = PBXFrameworksBuildPhase;
			buildActionMask = 2147483647;
			files = (
			);
			runOnlyForDeploymentPostprocessing = 0;
		};
/* End PBXFrameworksBuildPhase section */

/* Begin PBXGroup section */
		D43A915419CF94D7009AA0C7 = {
			isa = PBXGroup;
			children = (
				D43A915F19CF94D7009AA0C7 /* CaterpillarCount */,
				D43A917319CF94D7009AA0C7 /* CaterpillarCountTests */,
				D43A915E19CF94D7009AA0C7 /* Products */,
			);
			sourceTree = "<group>";
		};
		D43A915E19CF94D7009AA0C7 /* Products */ = {
			isa = PBXGroup;
			children = (
				D43A915D19CF94D7009AA0C7 /* CaterpillarCount.app */,
				D43A917019CF94D7009AA0C7 /* CaterpillarCountTests.xctest */,
			);
			name = Products;
			sourceTree = "<group>";
		};
		D43A915F19CF94D7009AA0C7 /* CaterpillarCount */ = {
			isa = PBXGroup;
			children = (
				D43A916419CF94D7009AA0C7 /* AppDelegate.h */,
				D43A916519CF94D7009AA0C7 /* AppDelegate.m */,
				D43A916719CF94D7009AA0C7 /* Images.xcassets */,
				D43A916919CF94D7009AA0C7 /* LaunchScreen.xib */,
				D43A916019CF94D7009AA0C7 /* Supporting Files */,
			);
			path = CaterpillarCount;
			sourceTree = "<group>";
		};
		D43A916019CF94D7009AA0C7 /* Supporting Files */ = {
			isa = PBXGroup;
			children = (
				D43A916119CF94D7009AA0C7 /* Info.plist */,
				D43A916219CF94D7009AA0C7 /* main.m */,
			);
			name = "Supporting Files";
			sourceTree = "<group>";
		};
		D43A917319CF94D7009AA0C7 /* CaterpillarCountTests */ = {
			isa = PBXGroup;
			children = (
				D43A917619CF94D7009AA0C7 /* CaterpillarCountTests.m */,
				D43A917419CF94D7009AA0C7 /* Supporting Files */,
			);
			path = CaterpillarCountTests;
			sourceTree = "<group>";
		};
		D43A917419CF94D7009AA0C7 /* Supporting Files */ = {
			isa = PBXGroup;
			children = (
				D43A917519CF94D7009AA0C7 /* Info.plist */,
			);
			name = "Supporting Files";
			sourceTree = "<group>";
		};
/* End PBXGroup section */

/* Begin PBXNativeTarget section */
		D43A915C19CF94D7009AA0C7 /* CaterpillarCount */ = {
			isa = PBXNativeTarget;
			buildConfigurationList = D43A917A19CF94D7009AA0C7 /* Build configuration list for PBXNativeTarget "CaterpillarCount" */;
			buildPhases = (
				D43A915919CF94D7009AA0C7 /* Sources */,
				D43A915A19CF94D7009AA0C7 /* Frameworks */,
				D43A915B19CF94D7009AA0C7 /* Resources */,
			);
			buildRules = (
			);
			dependencies = (
			);
			name = CaterpillarCount;
			productName = CaterpillarCount;
			productReference = D43A915D19CF94D7009AA0C7 /* CaterpillarCount.app */;
			productType = "com.apple.product-type.application";
		};
		D43A916F19CF94D7009AA0C7 /* CaterpillarCountTests */ = {
			isa = PBXNativeTarget;
			buildConfigurationList = D43A917D19CF94D7009AA0C7 /* Build configuration list for PBXNativeTarget "CaterpillarCountTests" */;
			buildPhases = (
				D43A916C19CF94D7009AA0C7 /* Sources */,
				D43A916D19CF94D7009AA0C7 /* Frameworks */,
				D43A916E19CF94D7009AA0C7 /* Resources */,
			);
			buildRules = (
			);
			dependencies = (
				D43A917219CF94D7009AA0C7 /* PBXTargetDependency */,
			);
			name = CaterpillarCountTests;
			productName = CaterpillarCountTests;
			productReference = D43A917019CF94D7009AA0C7 /* CaterpillarCountTests.xctest */;
			productType = "com.apple.product-type.bundle.unit-test";
		};
/* End PBXNativeTarget section */

/* Begin PBXProject section */
		D43A915519CF94D7009AA0C7 /* Project object */ = {
			isa = PBXProject;
			attributes = {
				LastUpgradeCheck = 0600;
				ORGANIZATIONNAME = "Golden Compass";
				TargetAttributes = {
					D43A915C19CF94D7009AA0C7 = {
						CreatedOnToolsVersion = 6.0.1;
					};
					D43A916F19CF94D7009AA0C7 = {
						CreatedOnToolsVersion = 6.0.1;
						TestTargetID = D43A915C19CF94D7009AA0C7;
					};
				};
			};
			buildConfigurationList = D43A915819CF94D7009AA0C7 /* Build configuration list for PBXProject "CaterpillarCount" */;
			compatibilityVersion = "Xcode 3.2";
			developmentRegion = English;
			hasScannedForEncodings = 0;
			knownRegions = (
				en,
				Base,
			);
			mainGroup = D43A915419CF94D7009AA0C7;
			productRefGroup = D43A915E19CF94D7009AA0C7 /* Products */;
			projectDirPath = "";
			projectRoot = "";
			targets = (
				D43A915C19CF94D7009AA0C7 /* CaterpillarCount */,
				D43A916F19CF94D7009AA0C7 /* CaterpillarCountTests */,
			);
		};
/* End PBXProject section */

/* Begin PBXResourcesBuildPhase section */
		D43A915B19CF94D7009AA0C7 /* Resources */ = {
			isa = PBXResourcesBuildPhase;
			buildActionMask = 2147483647;
			files = (
				D43A916B19CF94D7009AA0C7 /* LaunchScreen.xib in Resources */,
				D43A916819CF94D7009AA0C7 /* Images.xcassets in Resources */,
			);
			runOnlyForDeploymentPostprocessing = 0;
		};
		D43A916E19CF94D7009AA0C7 /* Resources */ = {
			isa = PBXResourcesBuildPhase;
			buildActionMask = 2147483647;
			files = (
			);
			runOnlyForDeploymentPostprocessing = 0;
		};
/* End PBXResourcesBuildPhase section */

/* Begin PBXSourcesBuildPhase section */
		D43A915919CF94D7009AA0C7 /* Sources */ = {
			isa = PBXSourcesBuildPhase;
			buildActionMask = 2147483647;
			files = (
				D43A916619CF94D7009AA0C7 /* AppDelegate.m in Sources */,
				D43A916319CF94D7009AA0C7 /* main.m in Sources */,
			);
			runOnlyForDeploymentPostprocessing = 0;
		};
		D43A916C19CF94D7009AA0C7 /* Sources */ = {
			isa = PBXSourcesBuildPhase;
			buildActionMask = 2147483647;
			files = (
				D43A917719CF94D7009AA0C7 /* CaterpillarCountTests.m in Sources */,
			);
			runOnlyForDeploymentPostprocessing = 0;
		};
/* End PBXSourcesBuildPhase section */

/* Begin PBXTargetDependency section */
		D43A917219CF94D7009AA0C7 /* PBXTargetDependency */ = {
			isa = PBXTargetDependency;
			target = D43A915C19CF94D7009AA0C7 /* CaterpillarCount */;
			targetProxy = D43A917119CF94D7009AA0C7 /* PBXContainerItemProxy */;
		};
/* End PBXTargetDependency section */

/* Begin PBXVariantGroup section */
		D43A916919CF94D7009AA0C7 /* LaunchScreen.xib */ = {
			isa = PBXVariantGroup;
			children = (
				D43A916A19CF94D7009AA0C7 /* Base */,
			);
			name = LaunchScreen.xib;
			sourceTree = "<group>";
		};
/* End PBXVariantGroup section */

/* Begin XCBuildConfiguration section */
		D43A917819CF94D7009AA0C7 /* Debug */ = {
			isa = XCBuildConfiguration;
			buildSettings = {
				ALWAYS_SEARCH_USER_PATHS = NO;
				CLANG_CXX_LANGUAGE_STANDARD = "gnu++0x";
				CLANG_CXX_LIBRARY = "libc++";
				CLANG_ENABLE_MODULES = YES;
				CLANG_ENABLE_OBJC_ARC = YES;
				CLANG_WARN_BOOL_CONVERSION = YES;
				CLANG_WARN_CONSTANT_CONVERSION = YES;
				CLANG_WARN_DIRECT_OBJC_ISA_USAGE = YES_ERROR;
				CLANG_WARN_EMPTY_BODY = YES;
				CLANG_WARN_ENUM_CONVERSION = YES;
				CLANG_WARN_INT_CONVERSION = YES;
				CLANG_WARN_OBJC_ROOT_CLASS = YES_ERROR;
				CLANG_WARN_UNREACHABLE_CODE = YES;
				CLANG_WARN__DUPLICATE_METHOD_MATCH = YES;
				"CODE_SIGN_IDENTITY[sdk=iphoneos*]" = "iPhone Developer";
				COPY_PHASE_STRIP = NO;
				ENABLE_STRICT_OBJC_MSGSEND = YES;
				GCC_C_LANGUAGE_STANDARD = gnu99;
				GCC_DYNAMIC_NO_PIC = NO;
				GCC_OPTIMIZATION_LEVEL = 0;
				GCC_PREPROCESSOR_DEFINITIONS = (
					"DEBUG=1",
					"$(inherited)",
				);
				GCC_SYMBOLS_PRIVATE_EXTERN = NO;
				GCC_WARN_64_TO_32_BIT_CONVERSION = YES;
				GCC_WARN_ABOUT_RETURN_TYPE = YES_ERROR;
				GCC_WARN_UNDECLARED_SELECTOR = YES;
				GCC_WARN_UNINITIALIZED_AUTOS = YES_AGGRESSIVE;
				GCC_WARN_UNUSED_FUNCTION = YES;
				GCC_WARN_UNUSED_VARIABLE = YES;
				IPHONEOS_DEPLOYMENT_TARGET = 8.0;
				MTL_ENABLE_DEBUG_INFO = YES;
				ONLY_ACTIVE_ARCH = YES;
				SDKROOT = iphoneos;
			};
			name = Debug;
		};
		D43A917919CF94D7009AA0C7 /* Release */ = {
			isa = XCBuildConfiguration;
			buildSettings = {
				ALWAYS_SEARCH_USER_PATHS = NO;
				CLANG_CXX_LANGUAGE_STANDARD = "gnu++0x";
				CLANG_CXX_LIBRARY = "libc++";
				CLANG_ENABLE_MODULES = YES;
				CLANG_ENABLE_OBJC_ARC = YES;
				CLANG_WARN_BOOL_CONVERSION = YES;
				CLANG_WARN_CONSTANT_CONVERSION = YES;
				CLANG_WARN_DIRECT_OBJC_ISA_USAGE = YES_ERROR;
				CLANG_WARN_EMPTY_BODY = YES;
				CLANG_WARN_ENUM_CONVERSION = YES;
				CLANG_WARN_INT_CONVERSION = YES;
				CLANG_WARN_OBJC_ROOT_CLASS = YES_ERROR;
				CLANG_WARN_UNREACHABLE_CODE = YES;
				CLANG_WARN__DUPLICATE_METHOD_MATCH = YES;
				"CODE_SIGN_IDENTITY[sdk=iphoneos*]" = "iPhone Developer";
				COPY_PHASE_STRIP = YES;
				ENABLE_NS_ASSERTIONS = NO;
				ENABLE_STRICT_OBJC_MSGSEND = YES;
				GCC_C_LANGUAGE_STANDARD = gnu99;
				GCC_WARN_64_TO_32_BIT_CONVERSION = YES;
				GCC_WARN_ABOUT_RETURN_TYPE = YES_ERROR;
				GCC_WARN_UNDECLARED_SELECTOR = YES;
				GCC_WARN_UNINITIALIZED_AUTOS = YES_AGGRESSIVE;
				GCC_WARN_UNUSED_FUNCTION = YES;
				GCC_WARN_UNUSED_VARIABLE = YES;
				IPHONEOS_DEPLOYMENT_TARGET = 8.0;
				MTL_ENABLE_DEBUG_INFO = NO;
				SDKROOT = iphoneos;
				VALIDATE_PRODUCT = YES;
			};
			name = Release;
		};
		D43A917B19CF94D7009AA0C7 /* Debug */ = {
			isa = XCBuildConfiguration;
			buildSettings = {
				ASSETCATALOG_COMPILER_APPICON_NAME = AppIcon;
				INFOPLIST_FILE = CaterpillarCount/Info.plist;
				LD_RUNPATH_SEARCH_PATHS = "$(inherited) @executable_path/Frameworks";
				PRODUCT_NAME = "$(TARGET_NAME)";
			};
			name = Debug;
		};
		D43A917C19CF94D7009AA0C7 /* Release */ = {
			isa = XCBuildConfiguration;
			buildSettings = {
				ASSETCATALOG_COMPILER_APPICON_NAME = AppIcon;
				INFOPLIST_FILE = CaterpillarCount/Info.plist;
				LD_RUNPATH_SEARCH_PATHS = "$(inherited) @executable_path/Frameworks";
				PRODUCT_NAME = "$(TARGET_NAME)";
			};
			name = Release;
		};
		D43A917E19CF94D7009AA0C7 /* Debug */ = {
			isa = XCBuildConfiguration;
			buildSettings = {
				BUNDLE_LOADER = "$(TEST_HOST)";
				FRAMEWORK_SEARCH_PATHS = (
					"$(SDKROOT)/Developer/Library/Frameworks",
					"$(inherited)",
				);
				GCC_PREPROCESSOR_DEFINITIONS = (
					"DEBUG=1",
					"$(inherited)",
				);
				INFOPLIST_FILE = CaterpillarCountTests/Info.plist;
				LD_RUNPATH_SEARCH_PATHS = "$(inherited) @executable_path/Frameworks @loader_path/Frameworks";
				PRODUCT_NAME = "$(TARGET_NAME)";
				TEST_HOST = "$(BUILT_PRODUCTS_DIR)/CaterpillarCount.app/CaterpillarCount";
			};
			name = Debug;
		};
		D43A917F19CF94D7009AA0C7 /* Release */ = {
			isa = XCBuildConfiguration;
			buildSettings = {
				BUNDLE_LOADER = "$(TEST_HOST)";
				FRAMEWORK_SEARCH_PATHS = (
					"$(SDKROOT)/Developer/Library/Frameworks",
					"$(inherited)",
				);
				INFOPLIST_FILE = CaterpillarCountTests/Info.plist;
				LD_RUNPATH_SEARCH_PATHS = "$(inherited) @executable_path/Frameworks @loader_path/Frameworks";
				PRODUCT_NAME = "$(TARGET_NAME)";
				TEST_HOST = "$(BUILT_PRODUCTS_DIR)/CaterpillarCount.app/CaterpillarCount";
			};
			name = Release;
		};
/* End XCBuildConfiguration section */

/* Begin XCConfigurationList section */
		D43A915819CF94D7009AA0C7 /* Build configuration list for PBXProject "CaterpillarCount" */ = {
			isa = XCConfigurationList;
			buildConfigurations = (
				D43A917819CF94D7009AA0C7 /* Debug */,
				D43A917919CF94D7009AA0C7 /* Release */,
			);
			defaultConfigurationIsVisible = 0;
			defaultConfigurationName = Release;
		};
		D43A917A19CF94D7009AA0C7 /* Build configuration list for PBXNativeTarget "CaterpillarCount" */ = {
			isa = XCConfigurationList;
			buildConfigurations = (
				D43A917B19CF94D7009AA0C7 /* Debug */,
				D43A917C19CF94D7009AA0C7 /* Release */,
			);
			defaultConfigurationIsVisible = 0;
		};
		D43A917D19CF94D7009AA0C7 /* Build configuration list for PBXNativeTarget "CaterpillarCountTests" */ = {
			isa = XCConfigurationList;
			buildConfigurations = (
				D43A917E19CF94D7009AA0C7 /* Debug */,
				D43A917F19CF94D7009AA0C7 /* Release */,
			);
			defaultConfigurationIsVisible = 0;
		};
/* End XCConfigurationList section */
	};
	rootObject = D43A915519CF94D7009AA0C7 /* Project object */;
}
